// !$*UTF8*$!
{
	archiveVersion = 1;
	classes = {
	};
	objectVersion = 46;
	objects = {

/* Begin PBXBuildFile section */
		C8C19FD8167AD19200EC539D /* Command.m in Sources */ = {isa = PBXBuildFile; fileRef = C8C19FD7167AD19200EC539D /* Command.m */; };
		C8C19FDC167AD1D400EC539D /* Acommand.m in Sources */ = {isa = PBXBuildFile; fileRef = C8C19FDB167AD1D400EC539D /* Acommand.m */; };
		C8C19FDF167AD1ED00EC539D /* AFunction.m in Sources */ = {isa = PBXBuildFile; fileRef = C8C19FDE167AD1ED00EC539D /* AFunction.m */; };
		C8C19FE2167AD3D100EC539D /* Bcommand.m in Sources */ = {isa = PBXBuildFile; fileRef = C8C19FE1167AD3D100EC539D /* Bcommand.m */; };
		C8C19FE5167AD40400EC539D /* BFunction.m in Sources */ = {isa = PBXBuildFile; fileRef = C8C19FE4167AD40400EC539D /* BFunction.m */; };
		C8C19FE8167AD55500EC539D /* SynCondition.m in Sources */ = {isa = PBXBuildFile; fileRef = C8C19FE7167AD55500EC539D /* SynCondition.m */; };
		C8C19FF1167AF7A900EC539D /* CommandOperation.m in Sources */ = {isa = PBXBuildFile; fileRef = C8C19FF0167AF7A900EC539D /* CommandOperation.m */; };
		C8C19FF4167AFC7C00EC539D /* NSMutableArray.m in Sources */ = {isa = PBXBuildFile; fileRef = C8C19FF3167AFC7C00EC539D /* NSMutableArray.m */; };
		C8C19FF7167AFF4000EC539D /* CommandPool.m in Sources */ = {isa = PBXBuildFile; fileRef = C8C19FF6167AFF4000EC539D /* CommandPool.m */; };
		C8C19FFA167B0DAD00EC539D /* CustomerOperation.m in Sources */ = {isa = PBXBuildFile; fileRef = C8C19FF9167B0DAD00EC539D /* CustomerOperation.m */; };
		C8C19FFD167B0DD300EC539D /* ProductOperation.m in Sources */ = {isa = PBXBuildFile; fileRef = C8C19FFC167B0DD300EC539D /* ProductOperation.m */; };
		C8F0128D167A0930007220D0 /* Foundation.framework in Frameworks */ = {isa = PBXBuildFile; fileRef = C8F0128C167A0930007220D0 /* Foundation.framework */; };
		C8F01290167A0930007220D0 /* main.m in Sources */ = {isa = PBXBuildFile; fileRef = C8F0128F167A0930007220D0 /* main.m */; };
		C8F01294167A0931007220D0 /* command_pattern.1 in CopyFiles */ = {isa = PBXBuildFile; fileRef = C8F01293167A0931007220D0 /* command_pattern.1 */; };
/* End PBXBuildFile section */

/* Begin PBXCopyFilesBuildPhase section */
		C8F01286167A0930007220D0 /* CopyFiles */ = {
			isa = PBXCopyFilesBuildPhase;
			buildActionMask = 2147483647;
			dstPath = /usr/share/man/man1/;
			dstSubfolderSpec = 0;
			files = (
				C8F01294167A0931007220D0 /* command_pattern.1 in CopyFiles */,
			);
			runOnlyForDeploymentPostprocessing = 1;
		};
/* End PBXCopyFilesBuildPhase section */

/* Begin PBXFileReference section */
		C8C19FD6167AD19200EC539D /* Command.h */ = {isa = PBXFileReference; fileEncoding = 4; lastKnownFileType = sourcecode.c.h; path = Command.h; sourceTree = "<group>"; };
		C8C19FD7167AD19200EC539D /* Command.m */ = {isa = PBXFileReference; fileEncoding = 4; lastKnownFileType = sourcecode.c.objc; path = Command.m; sourceTree = "<group>"; };
		C8C19FDA167AD1D400EC539D /* Acommand.h */ = {isa = PBXFileReference; fileEncoding = 4; lastKnownFileType = sourcecode.c.h; path = Acommand.h; sourceTree = "<group>"; };
		C8C19FDB167AD1D400EC539D /* Acommand.m */ = {isa = PBXFileReference; fileEncoding = 4; lastKnownFileType = sourcecode.c.objc; path = Acommand.m; sourceTree = "<group>"; };
		C8C19FDD167AD1ED00EC539D /* AFunction.h */ = {isa = PBXFileReference; fileEncoding = 4; lastKnownFileType = sourcecode.c.h; path = AFunction.h; sourceTree = "<group>"; };
		C8C19FDE167AD1ED00EC539D /* AFunction.m */ = {isa = PBXFileReference; fileEncoding = 4; lastKnownFileType = sourcecode.c.objc; path = AFunction.m; sourceTree = "<group>"; };
		C8C19FE0167AD3D100EC539D /* Bcommand.h */ = {isa = PBXFileReference; fileEncoding = 4; lastKnownFileType = sourcecode.c.h; path = Bcommand.h; sourceTree = "<group>"; };
		C8C19FE1167AD3D100EC539D /* Bcommand.m */ = {isa = PBXFileReference; fileEncoding = 4; lastKnownFileType = sourcecode.c.objc; path = Bcommand.m; sourceTree = "<group>"; };
		C8C19FE3167AD40400EC539D /* BFunction.h */ = {isa = PBXFileReference; fileEncoding = 4; lastKnownFileType = sourcecode.c.h; path = BFunction.h; sourceTree = "<group>"; };
		C8C19FE4167AD40400EC539D /* BFunction.m */ = {isa = PBXFileReference; fileEncoding = 4; lastKnownFileType = sourcecode.c.objc; path = BFunction.m; sourceTree = "<group>"; };
		C8C19FE6167AD55500EC539D /* SynCondition.h */ = {isa = PBXFileReference; fileEncoding = 4; lastKnownFileType = sourcecode.c.h; name = SynCondition.h; path = ../SynCondition.h; sourceTree = "<group>"; };
		C8C19FE7167AD55500EC539D /* SynCondition.m */ = {isa = PBXFileReference; fileEncoding = 4; lastKnownFileType = sourcecode.c.objc; name = SynCondition.m; path = ../SynCondition.m; sourceTree = "<group>"; };
		C8C19FEF167AF7A900EC539D /* CommandOperation.h */ = {isa = PBXFileReference; fileEncoding = 4; lastKnownFileType = sourcecode.c.h; name = CommandOperation.h; path = ../CommandOperation.h; sourceTree = "<group>"; };
		C8C19FF0167AF7A900EC539D /* CommandOperation.m */ = {isa = PBXFileReference; fileEncoding = 4; lastKnownFileType = sourcecode.c.objc; name = CommandOperation.m; path = ../CommandOperation.m; sourceTree = "<group>"; };
		C8C19FF2167AFC7C00EC539D /* NSMutableArray.h */ = {isa = PBXFileReference; fileEncoding = 4; lastKnownFileType = sourcecode.c.h; name = NSMutableArray.h; path = ../NSMutableArray.h; sourceTree = "<group>"; };
		C8C19FF3167AFC7C00EC539D /* NSMutableArray.m */ = {isa = PBXFileReference; fileEncoding = 4; lastKnownFileType = sourcecode.c.objc; name = NSMutableArray.m; path = ../NSMutableArray.m; sourceTree = "<group>"; };
		C8C19FF5167AFF4000EC539D /* CommandPool.h */ = {isa = PBXFileReference; fileEncoding = 4; lastKnownFileType = sourcecode.c.h; name = CommandPool.h; path = ../CommandPool.h; sourceTree = "<group>"; };
		C8C19FF6167AFF4000EC539D /* CommandPool.m */ = {isa = PBXFileReference; fileEncoding = 4; lastKnownFileType = sourcecode.c.objc; name = CommandPool.m; path = ../CommandPool.m; sourceTree = "<group>"; };
		C8C19FF8167B0DAD00EC539D /* CustomerOperation.h */ = {isa = PBXFileReference; fileEncoding = 4; lastKnownFileType = sourcecode.c.h; name = CustomerOperation.h; path = ../CustomerOperation.h; sourceTree = "<group>"; };
		C8C19FF9167B0DAD00EC539D /* CustomerOperation.m */ = {isa = PBXFileReference; fileEncoding = 4; lastKnownFileType = sourcecode.c.objc; name = CustomerOperation.m; path = ../CustomerOperation.m; sourceTree = "<group>"; };
		C8C19FFB167B0DD300EC539D /* ProductOperation.h */ = {isa = PBXFileReference; fileEncoding = 4; lastKnownFileType = sourcecode.c.h; name = ProductOperation.h; path = ../ProductOperation.h; sourceTree = "<group>"; };
		C8C19FFC167B0DD300EC539D /* ProductOperation.m */ = {isa = PBXFileReference; fileEncoding = 4; lastKnownFileType = sourcecode.c.objc; name = ProductOperation.m; path = ../ProductOperation.m; sourceTree = "<group>"; };
		C8F01288167A0930007220D0 /* command pattern */ = {isa = PBXFileReference; explicitFileType = "compiled.mach-o.executable"; includeInIndex = 0; path = "command pattern"; sourceTree = BUILT_PRODUCTS_DIR; };
		C8F0128C167A0930007220D0 /* Foundation.framework */ = {isa = PBXFileReference; lastKnownFileType = wrapper.framework; name = Foundation.framework; path = System/Library/Frameworks/Foundation.framework; sourceTree = SDKROOT; };
		C8F0128F167A0930007220D0 /* main.m */ = {isa = PBXFileReference; lastKnownFileType = sourcecode.c.objc; path = main.m; sourceTree = "<group>"; };
		C8F01292167A0931007220D0 /* command pattern-Prefix.pch */ = {isa = PBXFileReference; lastKnownFileType = sourcecode.c.h; path = "command pattern-Prefix.pch"; sourceTree = "<group>"; };
		C8F01293167A0931007220D0 /* command_pattern.1 */ = {isa = PBXFileReference; lastKnownFileType = text.man; path = command_pattern.1; sourceTree = "<group>"; };
		C8F0129A167A0951007220D0 /* README.md */ = {isa = PBXFileReference; fileEncoding = 4; lastKnownFileType = text; path = README.md; sourceTree = "<group>"; };
/* End PBXFileReference section */

/* Begin PBXFrameworksBuildPhase section */
		C8F01285167A0930007220D0 /* Frameworks */ = {
			isa = PBXFrameworksBuildPhase;
			buildActionMask = 2147483647;
			files = (
				C8F0128D167A0930007220D0 /* Foundation.framework in Frameworks */,
			);
			runOnlyForDeploymentPostprocessing = 0;
		};
/* End PBXFrameworksBuildPhase section */

/* Begin PBXGroup section */
		C8F0127D167A0930007220D0 = {
			isa = PBXGroup;
			children = (
				C8F0129A167A0951007220D0 /* README.md */,
				C8F0128E167A0930007220D0 /* command pattern */,
				C8F0128B167A0930007220D0 /* Frameworks */,
				C8F01289167A0930007220D0 /* Products */,
			);
			sourceTree = "<group>";
		};
		C8F01289167A0930007220D0 /* Products */ = {
			isa = PBXGroup;
			children = (
				C8F01288167A0930007220D0 /* command pattern */,
			);
			name = Products;
			sourceTree = "<group>";
		};
		C8F0128B167A0930007220D0 /* Frameworks */ = {
			isa = PBXGroup;
			children = (
				C8F0128C167A0930007220D0 /* Foundation.framework */,
			);
			name = Frameworks;
			sourceTree = "<group>";
		};
		C8F0128E167A0930007220D0 /* command pattern */ = {
			isa = PBXGroup;
			children = (
				C8C19FFB167B0DD300EC539D /* ProductOperation.h */,
				C8C19FFC167B0DD300EC539D /* ProductOperation.m */,
				C8C19FF8167B0DAD00EC539D /* CustomerOperation.h */,
				C8C19FF9167B0DAD00EC539D /* CustomerOperation.m */,
				C8C19FF5167AFF4000EC539D /* CommandPool.h */,
				C8C19FF6167AFF4000EC539D /* CommandPool.m */,
				C8C19FF2167AFC7C00EC539D /* NSMutableArray.h */,
				C8C19FF3167AFC7C00EC539D /* NSMutableArray.m */,
				C8C19FEF167AF7A900EC539D /* CommandOperation.h */,
				C8C19FF0167AF7A900EC539D /* CommandOperation.m */,
				C8C19FE6167AD55500EC539D /* SynCondition.h */,
				C8C19FE7167AD55500EC539D /* SynCondition.m */,
				C8F0128F167A0930007220D0 /* main.m */,
				C8F01293167A0931007220D0 /* command_pattern.1 */,
				C8F01291167A0930007220D0 /* Supporting Files */,
				C8C19FD6167AD19200EC539D /* Command.h */,
				C8C19FD7167AD19200EC539D /* Command.m */,
				C8C19FDA167AD1D400EC539D /* Acommand.h */,
				C8C19FDB167AD1D400EC539D /* Acommand.m */,
				C8C19FDD167AD1ED00EC539D /* AFunction.h */,
				C8C19FDE167AD1ED00EC539D /* AFunction.m */,
				C8C19FE0167AD3D100EC539D /* Bcommand.h */,
				C8C19FE1167AD3D100EC539D /* Bcommand.m */,
				C8C19FE3167AD40400EC539D /* BFunction.h */,
				C8C19FE4167AD40400EC539D /* BFunction.m */,
			);
			path = "command pattern";
			sourceTree = "<group>";
		};
		C8F01291167A0930007220D0 /* Supporting Files */ = {
			isa = PBXGroup;
			children = (
				C8F01292167A0931007220D0 /* command pattern-Prefix.pch */,
			);
			name = "Supporting Files";
			sourceTree = "<group>";
		};
/* End PBXGroup section */

/* Begin PBXNativeTarget section */
		C8F01287167A0930007220D0 /* command pattern */ = {
			isa = PBXNativeTarget;
			buildConfigurationList = C8F01297167A0931007220D0 /* Build configuration list for PBXNativeTarget "command pattern" */;
			buildPhases = (
				C8F01284167A0930007220D0 /* Sources */,
				C8F01285167A0930007220D0 /* Frameworks */,
				C8F01286167A0930007220D0 /* CopyFiles */,
			);
			buildRules = (
			);
			dependencies = (
			);
			name = "command pattern";
			productName = "command pattern";
			productReference = C8F01288167A0930007220D0 /* command pattern */;
			productType = "com.apple.product-type.tool";
		};
/* End PBXNativeTarget section */

/* Begin PBXProject section */
		C8F0127F167A0930007220D0 /* Project object */ = {
			isa = PBXProject;
			attributes = {
				LastUpgradeCheck = 0450;
				ORGANIZATIONNAME = gaoweiwei;
			};
			buildConfigurationList = C8F01282167A0930007220D0 /* Build configuration list for PBXProject "command pattern" */;
			compatibilityVersion = "Xcode 3.2";
			developmentRegion = English;
			hasScannedForEncodings = 0;
			knownRegions = (
				en,
			);
			mainGroup = C8F0127D167A0930007220D0;
			productRefGroup = C8F01289167A0930007220D0 /* Products */;
			projectDirPath = "";
			projectRoot = "";
			targets = (
				C8F01287167A0930007220D0 /* command pattern */,
			);
		};
/* End PBXProject section */

/* Begin PBXSourcesBuildPhase section */
		C8F01284167A0930007220D0 /* Sources */ = {
			isa = PBXSourcesBuildPhase;
			buildActionMask = 2147483647;
			files = (
				C8F01290167A0930007220D0 /* main.m in Sources */,
				C8C19FD8167AD19200EC539D /* Command.m in Sources */,
				C8C19FDC167AD1D400EC539D /* Acommand.m in Sources */,
				C8C19FDF167AD1ED00EC539D /* AFunction.m in Sources */,
				C8C19FE2167AD3D100EC539D /* Bcommand.m in Sources */,
				C8C19FE5167AD40400EC539D /* BFunction.m in Sources */,
				C8C19FE8167AD55500EC539D /* SynCondition.m in Sources */,
				C8C19FF1167AF7A900EC539D /* CommandOperation.m in Sources */,
				C8C19FF4167AFC7C00EC539D /* NSMutableArray.m in Sources */,
				C8C19FF7167AFF4000EC539D /* CommandPool.m in Sources */,
				C8C19FFA167B0DAD00EC539D /* CustomerOperation.m in Sources */,
				C8C19FFD167B0DD300EC539D /* ProductOperation.m in Sources */,
			);
			runOnlyForDeploymentPostprocessing = 0;
		};
/* End PBXSourcesBuildPhase section */

/* Begin XCBuildConfiguration section */
		C8F01295167A0931007220D0 /* Debug */ = {
			isa = XCBuildConfiguration;
			buildSettings = {
				ALWAYS_SEARCH_USER_PATHS = NO;
				ARCHS = "$(ARCHS_STANDARD_64_BIT)";
				CLANG_CXX_LANGUAGE_STANDARD = "gnu++0x";
				CLANG_CXX_LIBRARY = "libc++";
				CLANG_WARN_EMPTY_BODY = YES;
				CLANG_WARN__DUPLICATE_METHOD_MATCH = YES;
				COPY_PHASE_STRIP = NO;
				GCC_C_LANGUAGE_STANDARD = gnu99;
				GCC_DYNAMIC_NO_PIC = NO;
				GCC_ENABLE_OBJC_EXCEPTIONS = YES;
				GCC_OPTIMIZATION_LEVEL = 0;
				GCC_PREPROCESSOR_DEFINITIONS = (
					"DEBUG=1",
					"$(inherited)",
				);
				GCC_SYMBOLS_PRIVATE_EXTERN = NO;
				GCC_WARN_64_TO_32_BIT_CONVERSION = YES;
				GCC_WARN_ABOUT_RETURN_TYPE = YES;
				GCC_WARN_UNINITIALIZED_AUTOS = YES;
				GCC_WARN_UNUSED_VARIABLE = YES;
				MACOSX_DEPLOYMENT_TARGET = 10.8;
				ONLY_ACTIVE_ARCH = YES;
				SDKROOT = macosx;
			};
			name = Debug;
		};
		C8F01296167A0931007220D0 /* Release */ = {
			isa = XCBuildConfiguration;
			buildSettings = {
				ALWAYS_SEARCH_USER_PATHS = NO;
				ARCHS = "$(ARCHS_STANDARD_64_BIT)";
				CLANG_CXX_LANGUAGE_STANDARD = "gnu++0x";
				CLANG_CXX_LIBRARY = "libc++";
				CLANG_WARN_EMPTY_BODY = YES;
				CLANG_WARN__DUPLICATE_METHOD_MATCH = YES;
				COPY_PHASE_STRIP = YES;
				DEBUG_INFORMATION_FORMAT = "dwarf-with-dsym";
				GCC_C_LANGUAGE_STANDARD = gnu99;
				GCC_ENABLE_OBJC_EXCEPTIONS = YES;
				GCC_WARN_64_TO_32_BIT_CONVERSION = YES;
				GCC_WARN_ABOUT_RETURN_TYPE = YES;
				GCC_WARN_UNINITIALIZED_AUTOS = YES;
				GCC_WARN_UNUSED_VARIABLE = YES;
				MACOSX_DEPLOYMENT_TARGET = 10.8;
				SDKROOT = macosx;
			};
			name = Release;
		};
		C8F01298167A0931007220D0 /* Debug */ = {
			isa = XCBuildConfiguration;
			buildSettings = {
				GCC_PRECOMPILE_PREFIX_HEADER = YES;
				GCC_PREFIX_HEADER = "command pattern/command pattern-Prefix.pch";
				PRODUCT_NAME = "$(TARGET_NAME)";
			};
			name = Debug;
		};
		C8F01299167A0931007220D0 /* Release */ = {
			isa = XCBuildConfiguration;
			buildSettings = {
				GCC_PRECOMPILE_PREFIX_HEADER = YES;
				GCC_PREFIX_HEADER = "command pattern/command pattern-Prefix.pch";
				PRODUCT_NAME = "$(TARGET_NAME)";
			};
			name = Release;
		};
/* End XCBuildConfiguration section */

/* Begin XCConfigurationList section */
		C8F01282167A0930007220D0 /* Build configuration list for PBXProject "command pattern" */ = {
			isa = XCConfigurationList;
			buildConfigurations = (
				C8F01295167A0931007220D0 /* Debug */,
				C8F01296167A0931007220D0 /* Release */,
			);
			defaultConfigurationIsVisible = 0;
			defaultConfigurationName = Release;
		};
		C8F01297167A0931007220D0 /* Build configuration list for PBXNativeTarget "command pattern" */ = {
			isa = XCConfigurationList;
			buildConfigurations = (
				C8F01298167A0931007220D0 /* Debug */,
				C8F01299167A0931007220D0 /* Release */,
			);
			defaultConfigurationIsVisible = 0;
			defaultConfigurationName = Release;
		};
/* End XCConfigurationList section */
	};
	rootObject = C8F0127F167A0930007220D0 /* Project object */;
}
